
Microsoft Visual Studio Solution File, Format Version 12.00
# Visual Studio Version 17
VisualStudioVersion = 17.5.002.0
MinimumVisualStudioVersion = 10.0.40219.1
Project("{9A19103F-16F7-4668-BE54-9A1E7A4F7556}") = "visitor", "visitor.csproj", "{B8350DFD-D9F1-48C3-ADA0-DC0E63B3EDE3}"
EndProject
Global
	GlobalSection(SolutionConfigurationPlatforms) = preSolution
		Debug|Any CPU = Debug|Any CPU
		Release|Any CPU = Release|Any CPU
	EndGlobalSection
	GlobalSection(ProjectConfigurationPlatforms) = postSolution
		{B8350DFD-D9F1-48C3-ADA0-DC0E63B3EDE3}.Debug|Any CPU.ActiveCfg = Debug|Any CPU
		{B8350DFD-D9F1-48C3-ADA0-DC0E63B3EDE3}.Debug|Any CPU.Build.0 = Debug|Any CPU
		{B8350DFD-D9F1-48C3-ADA0-DC0E63B3EDE3}.Release|Any CPU.ActiveCfg = Release|Any CPU
		{B8350DFD-D9F1-48C3-ADA0-DC0E63B3EDE3}.Release|Any CPU.Build.0 = Release|Any CPU
	EndGlobalSection
	GlobalSection(SolutionProperties) = preSolution
		HideSolutionNode = FALSE
	EndGlobalSection
	GlobalSection(ExtensibilityGlobals) = postSolution
		SolutionGuid = {34CFC494-4A83-4EEF-8BEF-02A930E21523}
	EndGlobalSection
EndGlobal
